
Microsoft Visual Studio Solution File, Format Version 12.00
Project("{FAE04EC0-301F-11D3-BF4B-00C04F79EFBC}") = "DogsCareSystem", "DogsCareSystem\DogsCareSystem.csproj", "{0FE1D3B1-3ACA-4F70-A6CB-0B54B0292908}"
EndProject
Global
	GlobalSection(SolutionConfigurationPlatforms) = preSolution
		Debug|Any CPU = Debug|Any CPU
		Release|Any CPU = Release|Any CPU
	EndGlobalSection
	GlobalSection(ProjectConfigurationPlatforms) = postSolution
		{0FE1D3B1-3ACA-4F70-A6CB-0B54B0292908}.Debug|Any CPU.ActiveCfg = Debug|Any CPU
		{0FE1D3B1-3ACA-4F70-A6CB-0B54B0292908}.Debug|Any CPU.Build.0 = Debug|Any CPU
		{0FE1D3B1-3ACA-4F70-A6CB-0B54B0292908}.Release|Any CPU.ActiveCfg = Release|Any CPU
		{0FE1D3B1-3ACA-4F70-A6CB-0B54B0292908}.Release|Any CPU.Build.0 = Release|Any CPU
	EndGlobalSection
EndGlobal
